
Microsoft Visual Studio Solution File, Format Version 12.00
# Visual Studio Version 16
VisualStudioVersion = 16.0.29920.165
MinimumVisualStudioVersion = 10.0.40219.1
Project("{8BC9CEB8-8B4A-11D0-8D11-00A0C91BC942}") = "Terrain", "Terrain\Terrain.vcxproj", "{CCF54ECD-F230-4C19-87F8-8365BBFC86CB}"
EndProject
Global
	GlobalSection(SolutionConfigurationPlatforms) = preSolution
		Debug|x64 = Debug|x64
		Debug|x86 = Debug|x86
		Release|x64 = Release|x64
		Release|x86 = Release|x86
	EndGlobalSection
	GlobalSection(ProjectConfigurationPlatforms) = postSolution
		{CCF54ECD-F230-4C19-87F8-8365BBFC86CB}.Debug|x64.ActiveCfg = Debug|x64
		{CCF54ECD-F230-4C19-87F8-8365BBFC86CB}.Debug|x64.Build.0 = Debug|x64
		{CCF54ECD-F230-4C19-87F8-8365BBFC86CB}.Debug|x86.ActiveCfg = Debug|Win32
		{CCF54ECD-F230-4C19-87F8-8365BBFC86CB}.Debug|x86.Build.0 = Debug|Win32
		{CCF54ECD-F230-4C19-87F8-8365BBFC86CB}.Release|x64.ActiveCfg = Release|x64
		{CCF54ECD-F230-4C19-87F8-8365BBFC86CB}.Release|x64.Build.0 = Release|x64
		{CCF54ECD-F230-4C19-87F8-8365BBFC86CB}.Release|x86.ActiveCfg = Release|Win32
		{CCF54ECD-F230-4C19-87F8-8365BBFC86CB}.Release|x86.Build.0 = Release|Win32
	EndGlobalSection
	GlobalSection(SolutionProperties) = preSolution
		HideSolutionNode = FALSE
	EndGlobalSection
	GlobalSection(ExtensibilityGlobals) = postSolution
		SolutionGuid = {CE8A101B-7F35-4ED4-8681-DB45AB1374D1}
	EndGlobalSection
EndGlobal
